// !$*UTF8*$!
{
	archiveVersion = 1;
	classes = {
	};
	objectVersion = 46;
	objects = {

/* Begin PBXBuildFile section */
		128A1C4D1CC7BC000010C748 /* main.m in Sources */ = {isa = PBXBuildFile; fileRef = 128A1C4C1CC7BC000010C748 /* main.m */; };
		128A1C501CC7BC000010C748 /* AppDelegate.m in Sources */ = {isa = PBXBuildFile; fileRef = 128A1C4F1CC7BC000010C748 /* AppDelegate.m */; };
		128A1C561CC7BC000010C748 /* Main.storyboard in Resources */ = {isa = PBXBuildFile; fileRef = 128A1C541CC7BC000010C748 /* Main.storyboard */; };
		128A1C581CC7BC000010C748 /* Assets.xcassets in Resources */ = {isa = PBXBuildFile; fileRef = 128A1C571CC7BC000010C748 /* Assets.xcassets */; };
		128A1C5B1CC7BC000010C748 /* LaunchScreen.storyboard in Resources */ = {isa = PBXBuildFile; fileRef = 128A1C591CC7BC000010C748 /* LaunchScreen.storyboard */; };
		128A1C641CC7C2B80010C748 /* TicketsTableViewController.m in Sources */ = {isa = PBXBuildFile; fileRef = 128A1C631CC7C2B80010C748 /* TicketsTableViewController.m */; };
		128A1C671CC7C4CA0010C748 /* Tickets.m in Sources */ = {isa = PBXBuildFile; fileRef = 128A1C661CC7C4CA0010C748 /* Tickets.m */; };
		128A1C6A1CC90E250010C748 /* WinningTicketViewController.m in Sources */ = {isa = PBXBuildFile; fileRef = 128A1C691CC90E250010C748 /* WinningTicketViewController.m */; };
/* End PBXBuildFile section */

/* Begin PBXFileReference section */
		128A1C481CC7BC000010C748 /* Jackpot.app */ = {isa = PBXFileReference; explicitFileType = wrapper.application; includeInIndex = 0; path = Jackpot.app; sourceTree = BUILT_PRODUCTS_DIR; };
		128A1C4C1CC7BC000010C748 /* main.m */ = {isa = PBXFileReference; lastKnownFileType = sourcecode.c.objc; path = main.m; sourceTree = "<group>"; };
		128A1C4E1CC7BC000010C748 /* AppDelegate.h */ = {isa = PBXFileReference; lastKnownFileType = sourcecode.c.h; path = AppDelegate.h; sourceTree = "<group>"; };
		128A1C4F1CC7BC000010C748 /* AppDelegate.m */ = {isa = PBXFileReference; lastKnownFileType = sourcecode.c.objc; path = AppDelegate.m; sourceTree = "<group>"; };
		128A1C551CC7BC000010C748 /* Base */ = {isa = PBXFileReference; lastKnownFileType = file.storyboard; name = Base; path = Base.lproj/Main.storyboard; sourceTree = "<group>"; };
		128A1C571CC7BC000010C748 /* Assets.xcassets */ = {isa = PBXFileReference; lastKnownFileType = folder.assetcatalog; path = Assets.xcassets; sourceTree = "<group>"; };
		128A1C5A1CC7BC000010C748 /* Base */ = {isa = PBXFileReference; lastKnownFileType = file.storyboard; name = Base; path = Base.lproj/LaunchScreen.storyboard; sourceTree = "<group>"; };
		128A1C5C1CC7BC000010C748 /* Info.plist */ = {isa = PBXFileReference; lastKnownFileType = text.plist.xml; path = Info.plist; sourceTree = "<group>"; };
		128A1C621CC7C2B80010C748 /* TicketsTableViewController.h */ = {isa = PBXFileReference; fileEncoding = 4; lastKnownFileType = sourcecode.c.h; path = TicketsTableViewController.h; sourceTree = "<group>"; };
		128A1C631CC7C2B80010C748 /* TicketsTableViewController.m */ = {isa = PBXFileReference; fileEncoding = 4; lastKnownFileType = sourcecode.c.objc; path = TicketsTableViewController.m; sourceTree = "<group>"; };
		128A1C651CC7C4CA0010C748 /* Tickets.h */ = {isa = PBXFileReference; fileEncoding = 4; lastKnownFileType = sourcecode.c.h; path = Tickets.h; sourceTree = "<group>"; };
		128A1C661CC7C4CA0010C748 /* Tickets.m */ = {isa = PBXFileReference; fileEncoding = 4; lastKnownFileType = sourcecode.c.objc; path = Tickets.m; sourceTree = "<group>"; };
		128A1C681CC90E250010C748 /* WinningTicketViewController.h */ = {isa = PBXFileReference; fileEncoding = 4; lastKnownFileType = sourcecode.c.h; path = WinningTicketViewController.h; sourceTree = "<group>"; };
		128A1C691CC90E250010C748 /* WinningTicketViewController.m */ = {isa = PBXFileReference; fileEncoding = 4; lastKnownFileType = sourcecode.c.objc; path = WinningTicketViewController.m; sourceTree = "<group>"; };
/* End PBXFileReference section */

/* Begin PBXFrameworksBuildPhase section */
		128A1C451CC7BC000010C748 /* Frameworks */ = {
			isa = PBXFrameworksBuildPhase;
			buildActionMask = 2147483647;
			files = (
			);
			runOnlyForDeploymentPostprocessing = 0;
		};
/* End PBXFrameworksBuildPhase section */

/* Begin PBXGroup section */
		128A1C3F1CC7BC000010C748 = {
			isa = PBXGroup;
			children = (
				128A1C4A1CC7BC000010C748 /* Jackpot */,
				128A1C491CC7BC000010C748 /* Products */,
			);
			sourceTree = "<group>";
		};
		128A1C491CC7BC000010C748 /* Products */ = {
			isa = PBXGroup;
			children = (
				128A1C481CC7BC000010C748 /* Jackpot.app */,
			);
			name = Products;
			sourceTree = "<group>";
		};
		128A1C4A1CC7BC000010C748 /* Jackpot */ = {
			isa = PBXGroup;
			children = (
				128A1C4E1CC7BC000010C748 /* AppDelegate.h */,
				128A1C4F1CC7BC000010C748 /* AppDelegate.m */,
				128A1C681CC90E250010C748 /* WinningTicketViewController.h */,
				128A1C691CC90E250010C748 /* WinningTicketViewController.m */,
				128A1C541CC7BC000010C748 /* Main.storyboard */,
				128A1C571CC7BC000010C748 /* Assets.xcassets */,
				128A1C591CC7BC000010C748 /* LaunchScreen.storyboard */,
				128A1C5C1CC7BC000010C748 /* Info.plist */,
				128A1C661CC7C4CA0010C748 /* Tickets.m */,
				128A1C651CC7C4CA0010C748 /* Tickets.h */,
				128A1C621CC7C2B80010C748 /* TicketsTableViewController.h */,
				128A1C631CC7C2B80010C748 /* TicketsTableViewController.m */,
				128A1C4B1CC7BC000010C748 /* Supporting Files */,
			);
			path = Jackpot;
			sourceTree = "<group>";
		};
		128A1C4B1CC7BC000010C748 /* Supporting Files */ = {
			isa = PBXGroup;
			children = (
				128A1C4C1CC7BC000010C748 /* main.m */,
			);
			name = "Supporting Files";
			sourceTree = "<group>";
		};
/* End PBXGroup section */

/* Begin PBXNativeTarget section */
		128A1C471CC7BC000010C748 /* Jackpot */ = {
			isa = PBXNativeTarget;
			buildConfigurationList = 128A1C5F1CC7BC000010C748 /* Build configuration list for PBXNativeTarget "Jackpot" */;
			buildPhases = (
				128A1C441CC7BC000010C748 /* Sources */,
				128A1C451CC7BC000010C748 /* Frameworks */,
				128A1C461CC7BC000010C748 /* Resources */,
			);
			buildRules = (
			);
			dependencies = (
			);
			name = Jackpot;
			productName = Jackpot;
			productReference = 128A1C481CC7BC000010C748 /* Jackpot.app */;
			productType = "com.apple.product-type.application";
		};
/* End PBXNativeTarget section */

/* Begin PBXProject section */
		128A1C401CC7BC000010C748 /* Project object */ = {
			isa = PBXProject;
			attributes = {
				LastUpgradeCheck = 0730;
				ORGANIZATIONNAME = "Jorge Catalan";
				TargetAttributes = {
					128A1C471CC7BC000010C748 = {
						CreatedOnToolsVersion = 7.3;
						DevelopmentTeam = DFHMFVHWS2;
					};
				};
			};
			buildConfigurationList = 128A1C431CC7BC000010C748 /* Build configuration list for PBXProject "Jackpot" */;
			compatibilityVersion = "Xcode 3.2";
			developmentRegion = English;
			hasScannedForEncodings = 0;
			knownRegions = (
				en,
				Base,
			);
			mainGroup = 128A1C3F1CC7BC000010C748;
			productRefGroup = 128A1C491CC7BC000010C748 /* Products */;
			projectDirPath = "";
			projectRoot = "";
			targets = (
				128A1C471CC7BC000010C748 /* Jackpot */,
			);
		};
/* End PBXProject section */

/* Begin PBXResourcesBuildPhase section */
		128A1C461CC7BC000010C748 /* Resources */ = {
			isa = PBXResourcesBuildPhase;
			buildActionMask = 2147483647;
			files = (
				128A1C5B1CC7BC000010C748 /* LaunchScreen.storyboard in Resources */,
				128A1C581CC7BC000010C748 /* Assets.xcassets in Resources */,
				128A1C561CC7BC000010C748 /* Main.storyboard in Resources */,
			);
			runOnlyForDeploymentPostprocessing = 0;
		};
/* End PBXResourcesBuildPhase section */

/* Begin PBXSourcesBuildPhase section */
		128A1C441CC7BC000010C748 /* Sources */ = {
			isa = PBXSourcesBuildPhase;
			buildActionMask = 2147483647;
			files = (
				128A1C6A1CC90E250010C748 /* WinningTicketViewController.m in Sources */,
				128A1C671CC7C4CA0010C748 /* Tickets.m in Sources */,
				128A1C641CC7C2B80010C748 /* TicketsTableViewController.m in Sources */,
				128A1C501CC7BC000010C748 /* AppDelegate.m in Sources */,
				128A1C4D1CC7BC000010C748 /* main.m in Sources */,
			);
			runOnlyForDeploymentPostprocessing = 0;
		};
/* End PBXSourcesBuildPhase section */

/* Begin PBXVariantGroup section */
		128A1C541CC7BC000010C748 /* Main.storyboard */ = {
			isa = PBXVariantGroup;
			children = (
				128A1C551CC7BC000010C748 /* Base */,
			);
			name = Main.storyboard;
			sourceTree = "<group>";
		};
		128A1C591CC7BC000010C748 /* LaunchScreen.storyboard */ = {
			isa = PBXVariantGroup;
			children = (
				128A1C5A1CC7BC000010C748 /* Base */,
			);
			name = LaunchScreen.storyboard;
			sourceTree = "<group>";
		};
/* End PBXVariantGroup section */

/* Begin XCBuildConfiguration section */
		128A1C5D1CC7BC000010C748 /* Debug */ = {
			isa = XCBuildConfiguration;
			buildSettings = {
				ALWAYS_SEARCH_USER_PATHS = NO;
				CLANG_ANALYZER_NONNULL = YES;
				CLANG_CXX_LANGUAGE_STANDARD = "gnu++0x";
				CLANG_CXX_LIBRARY = "libc++";
				CLANG_ENABLE_MODULES = YES;
				CLANG_ENABLE_OBJC_ARC = YES;
				CLANG_WARN_BOOL_CONVERSION = YES;
				CLANG_WARN_CONSTANT_CONVERSION = YES;
				CLANG_WARN_DIRECT_OBJC_ISA_USAGE = YES_ERROR;
				CLANG_WARN_EMPTY_BODY = YES;
				CLANG_WARN_ENUM_CONVERSION = YES;
				CLANG_WARN_INT_CONVERSION = YES;
				CLANG_WARN_OBJC_ROOT_CLASS = YES_ERROR;
				CLANG_WARN_UNREACHABLE_CODE = YES;
				CLANG_WARN__DUPLICATE_METHOD_MATCH = YES;
				"CODE_SIGN_IDENTITY[sdk=iphoneos*]" = "iPhone Developer";
				COPY_PHASE_STRIP = NO;
				DEBUG_INFORMATION_FORMAT = dwarf;
				ENABLE_STRICT_OBJC_MSGSEND = YES;
				ENABLE_TESTABILITY = YES;
				GCC_C_LANGUAGE_STANDARD = gnu99;
				GCC_DYNAMIC_NO_PIC = NO;
				GCC_NO_COMMON_BLOCKS = YES;
				GCC_OPTIMIZATION_LEVEL = 0;
				GCC_PREPROCESSOR_DEFINITIONS = (
					"DEBUG=1",
					"$(inherited)",
				);
				GCC_WARN_64_TO_32_BIT_CONVERSION = YES;
				GCC_WARN_ABOUT_RETURN_TYPE = YES_ERROR;
				GCC_WARN_UNDECLARED_SELECTOR = YES;
				GCC_WARN_UNINITIALIZED_AUTOS = YES_AGGRESSIVE;
				GCC_WARN_UNUSED_FUNCTION = YES;
				GCC_WARN_UNUSED_VARIABLE = YES;
				IPHONEOS_DEPLOYMENT_TARGET = 9.3;
				MTL_ENABLE_DEBUG_INFO = YES;
				ONLY_ACTIVE_ARCH = YES;
				SDKROOT = iphoneos;
				TARGETED_DEVICE_FAMILY = "1,2";
			};
			name = Debug;
		};
		128A1C5E1CC7BC000010C748 /* Release */ = {
			isa = XCBuildConfiguration;
			buildSettings = {
				ALWAYS_SEARCH_USER_PATHS = NO;
				CLANG_ANALYZER_NONNULL = YES;
				CLANG_CXX_LANGUAGE_STANDARD = "gnu++0x";
				CLANG_CXX_LIBRARY = "libc++";
				CLANG_ENABLE_MODULES = YES;
				CLANG_ENABLE_OBJC_ARC = YES;
				CLANG_WARN_BOOL_CONVERSION = YES;
				CLANG_WARN_CONSTANT_CONVERSION = YES;
				CLANG_WARN_DIRECT_OBJC_ISA_USAGE = YES_ERROR;
				CLANG_WARN_EMPTY_BODY = YES;
				CLANG_WARN_ENUM_CONVERSION = YES;
				CLANG_WARN_INT_CONVERSION = YES;
				CLANG_WARN_OBJC_ROOT_CLASS = YES_ERROR;
				CLANG_WARN_UNREACHABLE_CODE = YES;
				CLANG_WARN__DUPLICATE_METHOD_MATCH = YES;
				"CODE_SIGN_IDENTITY[sdk=iphoneos*]" = "iPhone Developer";
				COPY_PHASE_STRIP = NO;
				DEBUG_INFORMATION_FORMAT = "dwarf-with-dsym";
				ENABLE_NS_ASSERTIONS = NO;
				ENABLE_STRICT_OBJC_MSGSEND = YES;
				GCC_C_LANGUAGE_STANDARD = gnu99;
				GCC_NO_COMMON_BLOCKS = YES;
				GCC_WARN_64_TO_32_BIT_CONVERSION = YES;
				GCC_WARN_ABOUT_RETURN_TYPE = YES_ERROR;
				GCC_WARN_UNDECLARED_SELECTOR = YES;
				GCC_WARN_UNINITIALIZED_AUTOS = YES_AGGRESSIVE;
				GCC_WARN_UNUSED_FUNCTION = YES;
				GCC_WARN_UNUSED_VARIABLE = YES;
				IPHONEOS_DEPLOYMENT_TARGET = 9.3;
				MTL_ENABLE_DEBUG_INFO = NO;
				SDKROOT = iphoneos;
				TARGETED_DEVICE_FAMILY = "1,2";
				VALIDATE_PRODUCT = YES;
			};
			name = Release;
		};
		128A1C601CC7BC000010C748 /* Debug */ = {
			isa = XCBuildConfiguration;
			buildSettings = {
				ASSETCATALOG_COMPILER_APPICON_NAME = AppIcon;
				CODE_SIGN_IDENTITY = "iPhone Developer";
				INFOPLIST_FILE = Jackpot/Info.plist;
				LD_RUNPATH_SEARCH_PATHS = "$(inherited) @executable_path/Frameworks";
				PRODUCT_BUNDLE_IDENTIFIER = "Jorge-Catalan.Jackpot";
				PRODUCT_NAME = "$(TARGET_NAME)";
			};
			name = Debug;
		};
		128A1C611CC7BC000010C748 /* Release */ = {
			isa = XCBuildConfiguration;
			buildSettings = {
				ASSETCATALOG_COMPILER_APPICON_NAME = AppIcon;
				CODE_SIGN_IDENTITY = "iPhone Developer";
				INFOPLIST_FILE = Jackpot/Info.plist;
				LD_RUNPATH_SEARCH_PATHS = "$(inherited) @executable_path/Frameworks";
				PRODUCT_BUNDLE_IDENTIFIER = "Jorge-Catalan.Jackpot";
				PRODUCT_NAME = "$(TARGET_NAME)";
			};
			name = Release;
		};
/* End XCBuildConfiguration section */

/* Begin XCConfigurationList section */
		128A1C431CC7BC000010C748 /* Build configuration list for PBXProject "Jackpot" */ = {
			isa = XCConfigurationList;
			buildConfigurations = (
				128A1C5D1CC7BC000010C748 /* Debug */,
				128A1C5E1CC7BC000010C748 /* Release */,
			);
			defaultConfigurationIsVisible = 0;
			defaultConfigurationName = Release;
		};
		128A1C5F1CC7BC000010C748 /* Build configuration list for PBXNativeTarget "Jackpot" */ = {
			isa = XCConfigurationList;
			buildConfigurations = (
				128A1C601CC7BC000010C748 /* Debug */,
				128A1C611CC7BC000010C748 /* Release */,
			);
			defaultConfigurationIsVisible = 0;
			defaultConfigurationName = Release;
		};
/* End XCConfigurationList section */
	};
	rootObject = 128A1C401CC7BC000010C748 /* Project object */;
}
